
Microsoft Visual Studio Solution File, Format Version 12.00
# Visual Studio 2013
VisualStudioVersion = 12.0.31101.0
MinimumVisualStudioVersion = 10.0.40219.1
Project("{FAE04EC0-301F-11D3-BF4B-00C04F79EFBC}") = "IEC61850Packet", "IEC61850Packet\IEC61850Packet.csproj", "{56D266A7-CF86-4939-A974-2795D8C7AB54}"
EndProject
Project("{FAE04EC0-301F-11D3-BF4B-00C04F79EFBC}") = "Test", "Test\Test.csproj", "{1861A3CB-C41A-4173-9B41-675B7B590C59}"
EndProject
Global
	GlobalSection(SolutionConfigurationPlatforms) = preSolution
		Debug|Any CPU = Debug|Any CPU
		Release|Any CPU = Release|Any CPU
	EndGlobalSection
	GlobalSection(ProjectConfigurationPlatforms) = postSolution
		{56D266A7-CF86-4939-A974-2795D8C7AB54}.Debug|Any CPU.ActiveCfg = Debug|Any CPU
		{56D266A7-CF86-4939-A974-2795D8C7AB54}.Debug|Any CPU.Build.0 = Debug|Any CPU
		{56D266A7-CF86-4939-A974-2795D8C7AB54}.Release|Any CPU.ActiveCfg = Release|Any CPU
		{56D266A7-CF86-4939-A974-2795D8C7AB54}.Release|Any CPU.Build.0 = Release|Any CPU
		{1861A3CB-C41A-4173-9B41-675B7B590C59}.Debug|Any CPU.ActiveCfg = Debug|Any CPU
		{1861A3CB-C41A-4173-9B41-675B7B590C59}.Debug|Any CPU.Build.0 = Debug|Any CPU
		{1861A3CB-C41A-4173-9B41-675B7B590C59}.Release|Any CPU.ActiveCfg = Release|Any CPU
		{1861A3CB-C41A-4173-9B41-675B7B590C59}.Release|Any CPU.Build.0 = Release|Any CPU
	EndGlobalSection
	GlobalSection(SolutionProperties) = preSolution
		HideSolutionNode = FALSE
	EndGlobalSection
EndGlobal
